// !$*UTF8*$!
{
	archiveVersion = 1;
	classes = {
	};
	objectVersion = 50;
	objects = {

/* Begin PBXBuildFile section */
		88C735EC26474BB100DE9B3C /* AppDelegate.swift in Sources */ = {isa = PBXBuildFile; fileRef = 88C735EB26474BB100DE9B3C /* AppDelegate.swift */; };
		88C735EE26474BB100DE9B3C /* ViewController.swift in Sources */ = {isa = PBXBuildFile; fileRef = 88C735ED26474BB100DE9B3C /* ViewController.swift */; };
		88C735F026474BB100DE9B3C /* Assets.xcassets in Resources */ = {isa = PBXBuildFile; fileRef = 88C735EF26474BB100DE9B3C /* Assets.xcassets */; };
		88C735F326474BB100DE9B3C /* Main.storyboard in Resources */ = {isa = PBXBuildFile; fileRef = 88C735F126474BB100DE9B3C /* Main.storyboard */; };
		88C735FF26474BB200DE9B3C /* curly_touchbarTests.swift in Sources */ = {isa = PBXBuildFile; fileRef = 88C735FE26474BB200DE9B3C /* curly_touchbarTests.swift */; };
		88C7360A26474BB200DE9B3C /* curly_touchbarUITests.swift in Sources */ = {isa = PBXBuildFile; fileRef = 88C7360926474BB200DE9B3C /* curly_touchbarUITests.swift */; };
		88C7361826474C2100DE9B3C /* CurlyTouchbarClass.swift in Sources */ = {isa = PBXBuildFile; fileRef = 88C7361726474C2100DE9B3C /* CurlyTouchbarClass.swift */; };
/* End PBXBuildFile section */

/* Begin PBXContainerItemProxy section */
		88C735FB26474BB200DE9B3C /* PBXContainerItemProxy */ = {
			isa = PBXContainerItemProxy;
			containerPortal = 88C735E026474BB100DE9B3C /* Project object */;
			proxyType = 1;
			remoteGlobalIDString = 88C735E726474BB100DE9B3C;
			remoteInfo = "curly-touchbar";
		};
		88C7360626474BB200DE9B3C /* PBXContainerItemProxy */ = {
			isa = PBXContainerItemProxy;
			containerPortal = 88C735E026474BB100DE9B3C /* Project object */;
			proxyType = 1;
			remoteGlobalIDString = 88C735E726474BB100DE9B3C;
			remoteInfo = "curly-touchbar";
		};
/* End PBXContainerItemProxy section */

/* Begin PBXFileReference section */
		88C735E826474BB100DE9B3C /* curly-touchbar.app */ = {isa = PBXFileReference; explicitFileType = wrapper.application; includeInIndex = 0; path = "curly-touchbar.app"; sourceTree = BUILT_PRODUCTS_DIR; };
		88C735EB26474BB100DE9B3C /* AppDelegate.swift */ = {isa = PBXFileReference; lastKnownFileType = sourcecode.swift; path = AppDelegate.swift; sourceTree = "<group>"; };
		88C735ED26474BB100DE9B3C /* ViewController.swift */ = {isa = PBXFileReference; lastKnownFileType = sourcecode.swift; path = ViewController.swift; sourceTree = "<group>"; };
		88C735EF26474BB100DE9B3C /* Assets.xcassets */ = {isa = PBXFileReference; lastKnownFileType = folder.assetcatalog; path = Assets.xcassets; sourceTree = "<group>"; };
		88C735F226474BB100DE9B3C /* Base */ = {isa = PBXFileReference; lastKnownFileType = file.storyboard; name = Base; path = Base.lproj/Main.storyboard; sourceTree = "<group>"; };
		88C735F426474BB100DE9B3C /* Info.plist */ = {isa = PBXFileReference; lastKnownFileType = text.plist.xml; path = Info.plist; sourceTree = "<group>"; };
		88C735F526474BB100DE9B3C /* curly_touchbar.entitlements */ = {isa = PBXFileReference; lastKnownFileType = text.plist.entitlements; path = curly_touchbar.entitlements; sourceTree = "<group>"; };
		88C735FA26474BB200DE9B3C /* curly-touchbarTests.xctest */ = {isa = PBXFileReference; explicitFileType = wrapper.cfbundle; includeInIndex = 0; path = "curly-touchbarTests.xctest"; sourceTree = BUILT_PRODUCTS_DIR; };
		88C735FE26474BB200DE9B3C /* curly_touchbarTests.swift */ = {isa = PBXFileReference; lastKnownFileType = sourcecode.swift; path = curly_touchbarTests.swift; sourceTree = "<group>"; };
		88C7360026474BB200DE9B3C /* Info.plist */ = {isa = PBXFileReference; lastKnownFileType = text.plist.xml; path = Info.plist; sourceTree = "<group>"; };
		88C7360526474BB200DE9B3C /* curly-touchbarUITests.xctest */ = {isa = PBXFileReference; explicitFileType = wrapper.cfbundle; includeInIndex = 0; path = "curly-touchbarUITests.xctest"; sourceTree = BUILT_PRODUCTS_DIR; };
		88C7360926474BB200DE9B3C /* curly_touchbarUITests.swift */ = {isa = PBXFileReference; lastKnownFileType = sourcecode.swift; path = curly_touchbarUITests.swift; sourceTree = "<group>"; };
		88C7360B26474BB200DE9B3C /* Info.plist */ = {isa = PBXFileReference; lastKnownFileType = text.plist.xml; path = Info.plist; sourceTree = "<group>"; };
		88C7361726474C2100DE9B3C /* CurlyTouchbarClass.swift */ = {isa = PBXFileReference; lastKnownFileType = sourcecode.swift; path = CurlyTouchbarClass.swift; sourceTree = "<group>"; };
/* End PBXFileReference section */

/* Begin PBXFrameworksBuildPhase section */
		88C735E526474BB100DE9B3C /* Frameworks */ = {
			isa = PBXFrameworksBuildPhase;
			buildActionMask = 2147483647;
			files = (
			);
			runOnlyForDeploymentPostprocessing = 0;
		};
		88C735F726474BB200DE9B3C /* Frameworks */ = {
			isa = PBXFrameworksBuildPhase;
			buildActionMask = 2147483647;
			files = (
			);
			runOnlyForDeploymentPostprocessing = 0;
		};
		88C7360226474BB200DE9B3C /* Frameworks */ = {
			isa = PBXFrameworksBuildPhase;
			buildActionMask = 2147483647;
			files = (
			);
			runOnlyForDeploymentPostprocessing = 0;
		};
/* End PBXFrameworksBuildPhase section */

/* Begin PBXGroup section */
		88C735DF26474BB100DE9B3C = {
			isa = PBXGroup;
			children = (
				88C735EA26474BB100DE9B3C /* curly-touchbar */,
				88C735FD26474BB200DE9B3C /* curly-touchbarTests */,
				88C7360826474BB200DE9B3C /* curly-touchbarUITests */,
				88C735E926474BB100DE9B3C /* Products */,
			);
			sourceTree = "<group>";
		};
		88C735E926474BB100DE9B3C /* Products */ = {
			isa = PBXGroup;
			children = (
				88C735E826474BB100DE9B3C /* curly-touchbar.app */,
				88C735FA26474BB200DE9B3C /* curly-touchbarTests.xctest */,
				88C7360526474BB200DE9B3C /* curly-touchbarUITests.xctest */,
			);
			name = Products;
			sourceTree = "<group>";
		};
		88C735EA26474BB100DE9B3C /* curly-touchbar */ = {
			isa = PBXGroup;
			children = (
				88C735EB26474BB100DE9B3C /* AppDelegate.swift */,
				88C735ED26474BB100DE9B3C /* ViewController.swift */,
				88C7361726474C2100DE9B3C /* CurlyTouchbarClass.swift */,
				88C735EF26474BB100DE9B3C /* Assets.xcassets */,
				88C735F126474BB100DE9B3C /* Main.storyboard */,
				88C735F426474BB100DE9B3C /* Info.plist */,
				88C735F526474BB100DE9B3C /* curly_touchbar.entitlements */,
			);
			path = "curly-touchbar";
			sourceTree = "<group>";
		};
		88C735FD26474BB200DE9B3C /* curly-touchbarTests */ = {
			isa = PBXGroup;
			children = (
				88C735FE26474BB200DE9B3C /* curly_touchbarTests.swift */,
				88C7360026474BB200DE9B3C /* Info.plist */,
			);
			path = "curly-touchbarTests";
			sourceTree = "<group>";
		};
		88C7360826474BB200DE9B3C /* curly-touchbarUITests */ = {
			isa = PBXGroup;
			children = (
				88C7360926474BB200DE9B3C /* curly_touchbarUITests.swift */,
				88C7360B26474BB200DE9B3C /* Info.plist */,
			);
			path = "curly-touchbarUITests";
			sourceTree = "<group>";
		};
/* End PBXGroup section */

/* Begin PBXNativeTarget section */
		88C735E726474BB100DE9B3C /* curly-touchbar */ = {
			isa = PBXNativeTarget;
			buildConfigurationList = 88C7360E26474BB200DE9B3C /* Build configuration list for PBXNativeTarget "curly-touchbar" */;
			buildPhases = (
				88C735E426474BB100DE9B3C /* Sources */,
				88C735E526474BB100DE9B3C /* Frameworks */,
				88C735E626474BB100DE9B3C /* Resources */,
			);
			buildRules = (
			);
			dependencies = (
			);
			name = "curly-touchbar";
			productName = "curly-touchbar";
			productReference = 88C735E826474BB100DE9B3C /* curly-touchbar.app */;
			productType = "com.apple.product-type.application";
		};
		88C735F926474BB200DE9B3C /* curly-touchbarTests */ = {
			isa = PBXNativeTarget;
			buildConfigurationList = 88C7361126474BB200DE9B3C /* Build configuration list for PBXNativeTarget "curly-touchbarTests" */;
			buildPhases = (
				88C735F626474BB200DE9B3C /* Sources */,
				88C735F726474BB200DE9B3C /* Frameworks */,
				88C735F826474BB200DE9B3C /* Resources */,
			);
			buildRules = (
			);
			dependencies = (
				88C735FC26474BB200DE9B3C /* PBXTargetDependency */,
			);
			name = "curly-touchbarTests";
			productName = "curly-touchbarTests";
			productReference = 88C735FA26474BB200DE9B3C /* curly-touchbarTests.xctest */;
			productType = "com.apple.product-type.bundle.unit-test";
		};
		88C7360426474BB200DE9B3C /* curly-touchbarUITests */ = {
			isa = PBXNativeTarget;
			buildConfigurationList = 88C7361426474BB200DE9B3C /* Build configuration list for PBXNativeTarget "curly-touchbarUITests" */;
			buildPhases = (
				88C7360126474BB200DE9B3C /* Sources */,
				88C7360226474BB200DE9B3C /* Frameworks */,
				88C7360326474BB200DE9B3C /* Resources */,
			);
			buildRules = (
			);
			dependencies = (
				88C7360726474BB200DE9B3C /* PBXTargetDependency */,
			);
			name = "curly-touchbarUITests";
			productName = "curly-touchbarUITests";
			productReference = 88C7360526474BB200DE9B3C /* curly-touchbarUITests.xctest */;
			productType = "com.apple.product-type.bundle.ui-testing";
		};
/* End PBXNativeTarget section */

/* Begin PBXProject section */
		88C735E026474BB100DE9B3C /* Project object */ = {
			isa = PBXProject;
			attributes = {
				LastSwiftUpdateCheck = 1010;
				LastUpgradeCheck = 1010;
				ORGANIZATIONNAME = Teshn;
				TargetAttributes = {
					88C735E726474BB100DE9B3C = {
						CreatedOnToolsVersion = 10.1;
					};
					88C735F926474BB200DE9B3C = {
						CreatedOnToolsVersion = 10.1;
						TestTargetID = 88C735E726474BB100DE9B3C;
					};
					88C7360426474BB200DE9B3C = {
						CreatedOnToolsVersion = 10.1;
						TestTargetID = 88C735E726474BB100DE9B3C;
					};
				};
			};
			buildConfigurationList = 88C735E326474BB100DE9B3C /* Build configuration list for PBXProject "curly-touchbar" */;
			compatibilityVersion = "Xcode 9.3";
			developmentRegion = en;
			hasScannedForEncodings = 0;
			knownRegions = (
				en,
				Base,
			);
			mainGroup = 88C735DF26474BB100DE9B3C;
			productRefGroup = 88C735E926474BB100DE9B3C /* Products */;
			projectDirPath = "";
			projectRoot = "";
			targets = (
				88C735E726474BB100DE9B3C /* curly-touchbar */,
				88C735F926474BB200DE9B3C /* curly-touchbarTests */,
				88C7360426474BB200DE9B3C /* curly-touchbarUITests */,
			);
		};
/* End PBXProject section */

/* Begin PBXResourcesBuildPhase section */
		88C735E626474BB100DE9B3C /* Resources */ = {
			isa = PBXResourcesBuildPhase;
			buildActionMask = 2147483647;
			files = (
				88C735F026474BB100DE9B3C /* Assets.xcassets in Resources */,
				88C735F326474BB100DE9B3C /* Main.storyboard in Resources */,
			);
			runOnlyForDeploymentPostprocessing = 0;
		};
		88C735F826474BB200DE9B3C /* Resources */ = {
			isa = PBXResourcesBuildPhase;
			buildActionMask = 2147483647;
			files = (
			);
			runOnlyForDeploymentPostprocessing = 0;
		};
		88C7360326474BB200DE9B3C /* Resources */ = {
			isa = PBXResourcesBuildPhase;
			buildActionMask = 2147483647;
			files = (
			);
			runOnlyForDeploymentPostprocessing = 0;
		};
/* End PBXResourcesBuildPhase section */

/* Begin PBXSourcesBuildPhase section */
		88C735E426474BB100DE9B3C /* Sources */ = {
			isa = PBXSourcesBuildPhase;
			buildActionMask = 2147483647;
			files = (
				88C735EE26474BB100DE9B3C /* ViewController.swift in Sources */,
				88C7361826474C2100DE9B3C /* CurlyTouchbarClass.swift in Sources */,
				88C735EC26474BB100DE9B3C /* AppDelegate.swift in Sources */,
			);
			runOnlyForDeploymentPostprocessing = 0;
		};
		88C735F626474BB200DE9B3C /* Sources */ = {
			isa = PBXSourcesBuildPhase;
			buildActionMask = 2147483647;
			files = (
				88C735FF26474BB200DE9B3C /* curly_touchbarTests.swift in Sources */,
			);
			runOnlyForDeploymentPostprocessing = 0;
		};
		88C7360126474BB200DE9B3C /* Sources */ = {
			isa = PBXSourcesBuildPhase;
			buildActionMask = 2147483647;
			files = (
				88C7360A26474BB200DE9B3C /* curly_touchbarUITests.swift in Sources */,
			);
			runOnlyForDeploymentPostprocessing = 0;
		};
/* End PBXSourcesBuildPhase section */

/* Begin PBXTargetDependency section */
		88C735FC26474BB200DE9B3C /* PBXTargetDependency */ = {
			isa = PBXTargetDependency;
			target = 88C735E726474BB100DE9B3C /* curly-touchbar */;
			targetProxy = 88C735FB26474BB200DE9B3C /* PBXContainerItemProxy */;
		};
		88C7360726474BB200DE9B3C /* PBXTargetDependency */ = {
			isa = PBXTargetDependency;
			target = 88C735E726474BB100DE9B3C /* curly-touchbar */;
			targetProxy = 88C7360626474BB200DE9B3C /* PBXContainerItemProxy */;
		};
/* End PBXTargetDependency section */

/* Begin PBXVariantGroup section */
		88C735F126474BB100DE9B3C /* Main.storyboard */ = {
			isa = PBXVariantGroup;
			children = (
				88C735F226474BB100DE9B3C /* Base */,
			);
			name = Main.storyboard;
			sourceTree = "<group>";
		};
/* End PBXVariantGroup section */

/* Begin XCBuildConfiguration section */
		88C7360C26474BB200DE9B3C /* Debug */ = {
			isa = XCBuildConfiguration;
			buildSettings = {
				ALWAYS_SEARCH_USER_PATHS = NO;
				CLANG_ANALYZER_NONNULL = YES;
				CLANG_ANALYZER_NUMBER_OBJECT_CONVERSION = YES_AGGRESSIVE;
				CLANG_CXX_LANGUAGE_STANDARD = "gnu++14";
				CLANG_CXX_LIBRARY = "libc++";
				CLANG_ENABLE_MODULES = YES;
				CLANG_ENABLE_OBJC_ARC = YES;
				CLANG_ENABLE_OBJC_WEAK = YES;
				CLANG_WARN_BLOCK_CAPTURE_AUTORELEASING = YES;
				CLANG_WARN_BOOL_CONVERSION = YES;
				CLANG_WARN_COMMA = YES;
				CLANG_WARN_CONSTANT_CONVERSION = YES;
				CLANG_WARN_DEPRECATED_OBJC_IMPLEMENTATIONS = YES;
				CLANG_WARN_DIRECT_OBJC_ISA_USAGE = YES_ERROR;
				CLANG_WARN_DOCUMENTATION_COMMENTS = YES;
				CLANG_WARN_EMPTY_BODY = YES;
				CLANG_WARN_ENUM_CONVERSION = YES;
				CLANG_WARN_INFINITE_RECURSION = YES;
				CLANG_WARN_INT_CONVERSION = YES;
				CLANG_WARN_NON_LITERAL_NULL_CONVERSION = YES;
				CLANG_WARN_OBJC_IMPLICIT_RETAIN_SELF = YES;
				CLANG_WARN_OBJC_LITERAL_CONVERSION = YES;
				CLANG_WARN_OBJC_ROOT_CLASS = YES_ERROR;
				CLANG_WARN_RANGE_LOOP_ANALYSIS = YES;
				CLANG_WARN_STRICT_PROTOTYPES = YES;
				CLANG_WARN_SUSPICIOUS_MOVE = YES;
				CLANG_WARN_UNGUARDED_AVAILABILITY = YES_AGGRESSIVE;
				CLANG_WARN_UNREACHABLE_CODE = YES;
				CLANG_WARN__DUPLICATE_METHOD_MATCH = YES;
				CODE_SIGN_IDENTITY = "-";
				COPY_PHASE_STRIP = NO;
				DEBUG_INFORMATION_FORMAT = dwarf;
				ENABLE_STRICT_OBJC_MSGSEND = YES;
				ENABLE_TESTABILITY = YES;
				GCC_C_LANGUAGE_STANDARD = gnu11;
				GCC_DYNAMIC_NO_PIC = NO;
				GCC_NO_COMMON_BLOCKS = YES;
				GCC_OPTIMIZATION_LEVEL = 0;
				GCC_PREPROCESSOR_DEFINITIONS = (
					"DEBUG=1",
					"$(inherited)",
				);
				GCC_WARN_64_TO_32_BIT_CONVERSION = YES;
				GCC_WARN_ABOUT_RETURN_TYPE = YES_ERROR;
				GCC_WARN_UNDECLARED_SELECTOR = YES;
				GCC_WARN_UNINITIALIZED_AUTOS = YES_AGGRESSIVE;
				GCC_WARN_UNUSED_FUNCTION = YES;
				GCC_WARN_UNUSED_VARIABLE = YES;
				MACOSX_DEPLOYMENT_TARGET = 10.13;
				MTL_ENABLE_DEBUG_INFO = INCLUDE_SOURCE;
				MTL_FAST_MATH = YES;
				ONLY_ACTIVE_ARCH = YES;
				SDKROOT = macosx;
				SWIFT_ACTIVE_COMPILATION_CONDITIONS = DEBUG;
				SWIFT_OPTIMIZATION_LEVEL = "-Onone";
			};
			name = Debug;
		};
		88C7360D26474BB200DE9B3C /* Release */ = {
			isa = XCBuildConfiguration;
			buildSettings = {
				ALWAYS_SEARCH_USER_PATHS = NO;
				CLANG_ANALYZER_NONNULL = YES;
				CLANG_ANALYZER_NUMBER_OBJECT_CONVERSION = YES_AGGRESSIVE;
				CLANG_CXX_LANGUAGE_STANDARD = "gnu++14";
				CLANG_CXX_LIBRARY = "libc++";
				CLANG_ENABLE_MODULES = YES;
				CLANG_ENABLE_OBJC_ARC = YES;
				CLANG_ENABLE_OBJC_WEAK = YES;
				CLANG_WARN_BLOCK_CAPTURE_AUTORELEASING = YES;
				CLANG_WARN_BOOL_CONVERSION = YES;
				CLANG_WARN_COMMA = YES;
				CLANG_WARN_CONSTANT_CONVERSION = YES;
				CLANG_WARN_DEPRECATED_OBJC_IMPLEMENTATIONS = YES;
				CLANG_WARN_DIRECT_OBJC_ISA_USAGE = YES_ERROR;
				CLANG_WARN_DOCUMENTATION_COMMENTS = YES;
				CLANG_WARN_EMPTY_BODY = YES;
				CLANG_WARN_ENUM_CONVERSION = YES;
				CLANG_WARN_INFINITE_RECURSION = YES;
				CLANG_WARN_INT_CONVERSION = YES;
				CLANG_WARN_NON_LITERAL_NULL_CONVERSION = YES;
				CLANG_WARN_OBJC_IMPLICIT_RETAIN_SELF = YES;
				CLANG_WARN_OBJC_LITERAL_CONVERSION = YES;
				CLANG_WARN_OBJC_ROOT_CLASS = YES_ERROR;
				CLANG_WARN_RANGE_LOOP_ANALYSIS = YES;
				CLANG_WARN_STRICT_PROTOTYPES = YES;
				CLANG_WARN_SUSPICIOUS_MOVE = YES;
				CLANG_WARN_UNGUARDED_AVAILABILITY = YES_AGGRESSIVE;
				CLANG_WARN_UNREACHABLE_CODE = YES;
				CLANG_WARN__DUPLICATE_METHOD_MATCH = YES;
				CODE_SIGN_IDENTITY = "-";
				COPY_PHASE_STRIP = NO;
				DEBUG_INFORMATION_FORMAT = "dwarf-with-dsym";
				ENABLE_NS_ASSERTIONS = NO;
				ENABLE_STRICT_OBJC_MSGSEND = YES;
				GCC_C_LANGUAGE_STANDARD = gnu11;
				GCC_NO_COMMON_BLOCKS = YES;
				GCC_WARN_64_TO_32_BIT_CONVERSION = YES;
				GCC_WARN_ABOUT_RETURN_TYPE = YES_ERROR;
				GCC_WARN_UNDECLARED_SELECTOR = YES;
				GCC_WARN_UNINITIALIZED_AUTOS = YES_AGGRESSIVE;
				GCC_WARN_UNUSED_FUNCTION = YES;
				GCC_WARN_UNUSED_VARIABLE = YES;
				MACOSX_DEPLOYMENT_TARGET = 10.13;
				MTL_ENABLE_DEBUG_INFO = NO;
				MTL_FAST_MATH = YES;
				SDKROOT = macosx;
				SWIFT_COMPILATION_MODE = wholemodule;
				SWIFT_OPTIMIZATION_LEVEL = "-O";
			};
			name = Release;
		};
		88C7360F26474BB200DE9B3C /* Debug */ = {
			isa = XCBuildConfiguration;
			buildSettings = {
				ASSETCATALOG_COMPILER_APPICON_NAME = AppIcon;
				CODE_SIGN_ENTITLEMENTS = "curly-touchbar/curly_touchbar.entitlements";
				CODE_SIGN_STYLE = Automatic;
				COMBINE_HIDPI_IMAGES = YES;
				INFOPLIST_FILE = "curly-touchbar/Info.plist";
				LD_RUNPATH_SEARCH_PATHS = (
					"$(inherited)",
					"@executable_path/../Frameworks",
				);
				PRODUCT_BUNDLE_IDENTIFIER = "Teshn.curly-touchbar";
				PRODUCT_NAME = "$(TARGET_NAME)";
				SWIFT_VERSION = 4.2;
			};
			name = Debug;
		};
		88C7361026474BB200DE9B3C /* Release */ = {
			isa = XCBuildConfiguration;
			buildSettings = {
				ASSETCATALOG_COMPILER_APPICON_NAME = AppIcon;
				CODE_SIGN_ENTITLEMENTS = "curly-touchbar/curly_touchbar.entitlements";
				CODE_SIGN_STYLE = Automatic;
				COMBINE_HIDPI_IMAGES = YES;
				INFOPLIST_FILE = "curly-touchbar/Info.plist";
				LD_RUNPATH_SEARCH_PATHS = (
					"$(inherited)",
					"@executable_path/../Frameworks",
				);
				PRODUCT_BUNDLE_IDENTIFIER = "Teshn.curly-touchbar";
				PRODUCT_NAME = "$(TARGET_NAME)";
				SWIFT_VERSION = 4.2;
			};
			name = Release;
		};
		88C7361226474BB200DE9B3C /* Debug */ = {
			isa = XCBuildConfiguration;
			buildSettings = {
				ALWAYS_EMBED_SWIFT_STANDARD_LIBRARIES = YES;
				BUNDLE_LOADER = "$(TEST_HOST)";
				CODE_SIGN_STYLE = Automatic;
				COMBINE_HIDPI_IMAGES = YES;
				INFOPLIST_FILE = "curly-touchbarTests/Info.plist";
				LD_RUNPATH_SEARCH_PATHS = (
					"$(inherited)",
					"@executable_path/../Frameworks",
					"@loader_path/../Frameworks",
				);
				PRODUCT_BUNDLE_IDENTIFIER = "Teshn.curly-touchbarTests";
				PRODUCT_NAME = "$(TARGET_NAME)";
				SWIFT_VERSION = 4.2;
				TEST_HOST = "$(BUILT_PRODUCTS_DIR)/curly-touchbar.app/Contents/MacOS/curly-touchbar";
			};
			name = Debug;
		};
		88C7361326474BB200DE9B3C /* Release */ = {
			isa = XCBuildConfiguration;
			buildSettings = {
				ALWAYS_EMBED_SWIFT_STANDARD_LIBRARIES = YES;
				BUNDLE_LOADER = "$(TEST_HOST)";
				CODE_SIGN_STYLE = Automatic;
				COMBINE_HIDPI_IMAGES = YES;
				INFOPLIST_FILE = "curly-touchbarTests/Info.plist";
				LD_RUNPATH_SEARCH_PATHS = (
					"$(inherited)",
					"@executable_path/../Frameworks",
					"@loader_path/../Frameworks",
				);
				PRODUCT_BUNDLE_IDENTIFIER = "Teshn.curly-touchbarTests";
				PRODUCT_NAME = "$(TARGET_NAME)";
				SWIFT_VERSION = 4.2;
				TEST_HOST = "$(BUILT_PRODUCTS_DIR)/curly-touchbar.app/Contents/MacOS/curly-touchbar";
			};
			name = Release;
		};
		88C7361526474BB200DE9B3C /* Debug */ = {
			isa = XCBuildConfiguration;
			buildSettings = {
				ALWAYS_EMBED_SWIFT_STANDARD_LIBRARIES = YES;
				CODE_SIGN_STYLE = Automatic;
				COMBINE_HIDPI_IMAGES = YES;
				INFOPLIST_FILE = "curly-touchbarUITests/Info.plist";
				LD_RUNPATH_SEARCH_PATHS = (
					"$(inherited)",
					"@executable_path/../Frameworks",
					"@loader_path/../Frameworks",
				);
				PRODUCT_BUNDLE_IDENTIFIER = "Teshn.curly-touchbarUITests";
				PRODUCT_NAME = "$(TARGET_NAME)";
				SWIFT_VERSION = 4.2;
				TEST_TARGET_NAME = "curly-touchbar";
			};
			name = Debug;
		};
		88C7361626474BB200DE9B3C /* Release */ = {
			isa = XCBuildConfiguration;
			buildSettings = {
				ALWAYS_EMBED_SWIFT_STANDARD_LIBRARIES = YES;
				CODE_SIGN_STYLE = Automatic;
				COMBINE_HIDPI_IMAGES = YES;
				INFOPLIST_FILE = "curly-touchbarUITests/Info.plist";
				LD_RUNPATH_SEARCH_PATHS = (
					"$(inherited)",
					"@executable_path/../Frameworks",
					"@loader_path/../Frameworks",
				);
				PRODUCT_BUNDLE_IDENTIFIER = "Teshn.curly-touchbarUITests";
				PRODUCT_NAME = "$(TARGET_NAME)";
				SWIFT_VERSION = 4.2;
				TEST_TARGET_NAME = "curly-touchbar";
			};
			name = Release;
		};
/* End XCBuildConfiguration section */

/* Begin XCConfigurationList section */
		88C735E326474BB100DE9B3C /* Build configuration list for PBXProject "curly-touchbar" */ = {
			isa = XCConfigurationList;
			buildConfigurations = (
				88C7360C26474BB200DE9B3C /* Debug */,
				88C7360D26474BB200DE9B3C /* Release */,
			);
			defaultConfigurationIsVisible = 0;
			defaultConfigurationName = Release;
		};
		88C7360E26474BB200DE9B3C /* Build configuration list for PBXNativeTarget "curly-touchbar" */ = {
			isa = XCConfigurationList;
			buildConfigurations = (
				88C7360F26474BB200DE9B3C /* Debug */,
				88C7361026474BB200DE9B3C /* Release */,
			);
			defaultConfigurationIsVisible = 0;
			defaultConfigurationName = Release;
		};
		88C7361126474BB200DE9B3C /* Build configuration list for PBXNativeTarget "curly-touchbarTests" */ = {
			isa = XCConfigurationList;
			buildConfigurations = (
				88C7361226474BB200DE9B3C /* Debug */,
				88C7361326474BB200DE9B3C /* Release */,
			);
			defaultConfigurationIsVisible = 0;
			defaultConfigurationName = Release;
		};
		88C7361426474BB200DE9B3C /* Build configuration list for PBXNativeTarget "curly-touchbarUITests" */ = {
			isa = XCConfigurationList;
			buildConfigurations = (
				88C7361526474BB200DE9B3C /* Debug */,
				88C7361626474BB200DE9B3C /* Release */,
			);
			defaultConfigurationIsVisible = 0;
			defaultConfigurationName = Release;
		};
/* End XCConfigurationList section */
	};
	rootObject = 88C735E026474BB100DE9B3C /* Project object */;
}
